# Generated by apidep. DO NOT EDIT.
version: 1
deps:
  - source: ./
    hash: h1:xcOGtNIk+qa0i6Sa/VfLkKibcjR5cmkjMErHdTSXii4=
  - source: https://github.com/mapbox/geobuf.git
    commit: 42ce3e81e846163f8d006c89d7d7098861615ccb
    hash: h1:erZo58lvBOqBBHtoFqOmGZvEWeDNaWYmwcbQK7u9zoI=
  - source: git@github.com:teamdigitale/api-openapi-samples.git
    commit: 7685f2522be651665c70069a8146d69050170756
    hash: h1:YrO7FhPc6nJZ4YKmY7ldoecyqH+hydpaUxRRtvgVqFg=
